
Microsoft Visual Studio Solution File, Format Version 12.00
# Visual Studio Version 16
VisualStudioVersion = 16.0.31613.86
MinimumVisualStudioVersion = 10.0.40219.1
Project("{FAE04EC0-301F-11D3-BF4B-00C04F79EFBC}") = "B0226497_段昱如_PDPR _Week10_4", "B0226497_段昱如_PDPR _Week10_4.csproj", "{AF23FF4F-B894-4C3E-A679-6E5F2347BC7A}"
EndProject
Global
	GlobalSection(SolutionConfigurationPlatforms) = preSolution
		Debug|Any CPU = Debug|Any CPU
		Release|Any CPU = Release|Any CPU
	EndGlobalSection
	GlobalSection(ProjectConfigurationPlatforms) = postSolution
		{AF23FF4F-B894-4C3E-A679-6E5F2347BC7A}.Debug|Any CPU.ActiveCfg = Debug|Any CPU
		{AF23FF4F-B894-4C3E-A679-6E5F2347BC7A}.Debug|Any CPU.Build.0 = Debug|Any CPU
		{AF23FF4F-B894-4C3E-A679-6E5F2347BC7A}.Release|Any CPU.ActiveCfg = Release|Any CPU
		{AF23FF4F-B894-4C3E-A679-6E5F2347BC7A}.Release|Any CPU.Build.0 = Release|Any CPU
	EndGlobalSection
	GlobalSection(SolutionProperties) = preSolution
		HideSolutionNode = FALSE
	EndGlobalSection
	GlobalSection(ExtensibilityGlobals) = postSolution
		SolutionGuid = {E99A2A37-617F-494D-A967-EC3438171961}
	EndGlobalSection
EndGlobal
